
Microsoft Visual Studio Solution File, Format Version 12.00
# Visual Studio Version 17
VisualStudioVersion = 17.0.32014.148
MinimumVisualStudioVersion = 10.0.40219.1
Project("{8BC9CEB8-8B4A-11D0-8D11-00A0C91BC942}") = "OpenProject", "OpenProject.vcxproj", "{C200ABDF-998B-4E02-A6B6-DE43F79602E6}"
EndProject
Global
	GlobalSection(SolutionConfigurationPlatforms) = preSolution
		Debug|x64 = Debug|x64
		Deploy|x64 = Deploy|x64
		Release|x64 = Release|x64
	EndGlobalSection
	GlobalSection(ProjectConfigurationPlatforms) = postSolution
		{C200ABDF-998B-4E02-A6B6-DE43F79602E6}.Debug|x64.ActiveCfg = Debug|x64
		{C200ABDF-998B-4E02-A6B6-DE43F79602E6}.Debug|x64.Build.0 = Debug|x64
		{C200ABDF-998B-4E02-A6B6-DE43F79602E6}.Deploy|x64.ActiveCfg = Release|x64
		{C200ABDF-998B-4E02-A6B6-DE43F79602E6}.Deploy|x64.Build.0 = Release|x64
		{C200ABDF-998B-4E02-A6B6-DE43F79602E6}.Release|x64.ActiveCfg = Release|x64
		{C200ABDF-998B-4E02-A6B6-DE43F79602E6}.Release|x64.Build.0 = Release|x64
	EndGlobalSection
	GlobalSection(SolutionProperties) = preSolution
		HideSolutionNode = FALSE
	EndGlobalSection
	GlobalSection(ExtensibilityGlobals) = postSolution
		SolutionGuid = {7CC27821-D82D-4C28-A8C3-FE54A9113C5B}
	EndGlobalSection
EndGlobal
